
Microsoft Visual Studio Solution File, Format Version 12.00
# Visual Studio Version 16
VisualStudioVersion = 16.0.29306.81
MinimumVisualStudioVersion = 10.0.40219.1
Project("{FAE04EC0-301F-11D3-BF4B-00C04F79EFBC}") = "zadanie 8", "zadanie 8\zadanie 8.csproj", "{4BB2710A-8ED2-4B21-9CEC-CBE6B50104BB}"
EndProject
Global
	GlobalSection(SolutionConfigurationPlatforms) = preSolution
		Debug|Any CPU = Debug|Any CPU
		Release|Any CPU = Release|Any CPU
	EndGlobalSection
	GlobalSection(ProjectConfigurationPlatforms) = postSolution
		{4BB2710A-8ED2-4B21-9CEC-CBE6B50104BB}.Debug|Any CPU.ActiveCfg = Debug|Any CPU
		{4BB2710A-8ED2-4B21-9CEC-CBE6B50104BB}.Debug|Any CPU.Build.0 = Debug|Any CPU
		{4BB2710A-8ED2-4B21-9CEC-CBE6B50104BB}.Release|Any CPU.ActiveCfg = Release|Any CPU
		{4BB2710A-8ED2-4B21-9CEC-CBE6B50104BB}.Release|Any CPU.Build.0 = Release|Any CPU
	EndGlobalSection
	GlobalSection(SolutionProperties) = preSolution
		HideSolutionNode = FALSE
	EndGlobalSection
	GlobalSection(ExtensibilityGlobals) = postSolution
		SolutionGuid = {52C1093B-CEB8-411A-B6AE-060AA8A1DCF3}
	EndGlobalSection
EndGlobal
